
Microsoft Visual Studio Solution File, Format Version 12.00
# Visual Studio 2012
Project("{FAE04EC0-301F-11D3-BF4B-00C04F79EFBC}") = "DrinksMachinesDemo", "DrinksMachinesDemo\DrinksMachinesDemo.csproj", "{48D677FB-49BF-45BA-96C4-4269ECB8464E}"
EndProject
Global
	GlobalSection(SolutionConfigurationPlatforms) = preSolution
		Debug|x86 = Debug|x86
		Release|x86 = Release|x86
	EndGlobalSection
	GlobalSection(ProjectConfigurationPlatforms) = postSolution
		{48D677FB-49BF-45BA-96C4-4269ECB8464E}.Debug|x86.ActiveCfg = Debug|x86
		{48D677FB-49BF-45BA-96C4-4269ECB8464E}.Debug|x86.Build.0 = Debug|x86
		{48D677FB-49BF-45BA-96C4-4269ECB8464E}.Release|x86.ActiveCfg = Release|x86
		{48D677FB-49BF-45BA-96C4-4269ECB8464E}.Release|x86.Build.0 = Release|x86
	EndGlobalSection
EndGlobal
